
Microsoft Visual Studio Solution File, Format Version 12.00
# Visual Studio Version 16
VisualStudioVersion = 16.0.29326.143
MinimumVisualStudioVersion = 10.0.40219.1
Project("{FAE04EC0-301F-11D3-BF4B-00C04F79EFBC}") = "RandomString", "RandomString.csproj", "{03BA6887-6186-4C3E-B15C-887E0C5B1861}"
EndProject
Global
	GlobalSection(SolutionConfigurationPlatforms) = preSolution
		Debug|Any CPU = Debug|Any CPU
		Release|Any CPU = Release|Any CPU
	EndGlobalSection
	GlobalSection(ProjectConfigurationPlatforms) = postSolution
		{03BA6887-6186-4C3E-B15C-887E0C5B1861}.Debug|Any CPU.ActiveCfg = Debug|Any CPU
		{03BA6887-6186-4C3E-B15C-887E0C5B1861}.Debug|Any CPU.Build.0 = Debug|Any CPU
		{03BA6887-6186-4C3E-B15C-887E0C5B1861}.Release|Any CPU.ActiveCfg = Release|Any CPU
		{03BA6887-6186-4C3E-B15C-887E0C5B1861}.Release|Any CPU.Build.0 = Release|Any CPU
	EndGlobalSection
	GlobalSection(SolutionProperties) = preSolution
		HideSolutionNode = FALSE
	EndGlobalSection
	GlobalSection(ExtensibilityGlobals) = postSolution
		SolutionGuid = {AD78C70F-CD0B-4240-863D-F905A1D9A683}
	EndGlobalSection
EndGlobal
